
Microsoft Visual Studio Solution File, Format Version 12.00
# Visual Studio Version 16
VisualStudioVersion = 16.0.30330.147
MinimumVisualStudioVersion = 10.0.40219.1
Project("{9A19103F-16F7-4668-BE54-9A1E7A4F7556}") = "Manage_account", "Manage_account\Manage_account.csproj", "{6241F009-0A0C-47D0-BA2F-3208483BF2FC}"
EndProject
Project("{FAE04EC0-301F-11D3-BF4B-00C04F79EFBC}") = "Manage_class", "Manage_class\Manage_class.csproj", "{4C6860B3-5552-44A4-B915-09700168F3DD}"
EndProject
Project("{FAE04EC0-301F-11D3-BF4B-00C04F79EFBC}") = "Manage_address", "Manage_address\Manage_address.csproj", "{B9987F01-68F5-4233-BC8A-7269DED43537}"
EndProject
Project("{FAE04EC0-301F-11D3-BF4B-00C04F79EFBC}") = "Manage_customer", "Manage_customer\Manage_customer.csproj", "{50F89CA2-3A51-43FB-AF78-76BD0246FDB9}"
EndProject
Project("{FAE04EC0-301F-11D3-BF4B-00C04F79EFBC}") = "Manage_subject", "Manage_subject\Manage_subject.csproj", "{EBF33D25-4E0C-476B-B848-886AEFF3CD66}"
EndProject
Project("{FAE04EC0-301F-11D3-BF4B-00C04F79EFBC}") = "Manage_administrator", "Manage_administrator\Manage_administrator.csproj", "{B4F5F565-DD67-45C3-A3C9-B81AC70AC78D}"
EndProject
Project("{FAE04EC0-301F-11D3-BF4B-00C04F79EFBC}") = "Manage_Staff", "Manage_Staff\Manage_Staff.csproj", "{F8FA8E77-3AA7-41E7-8082-9456C3BADEA7}"
EndProject
Project("{FAE04EC0-301F-11D3-BF4B-00C04F79EFBC}") = "Manage_manager", "Manage_manager\Manage_manager.csproj", "{BA069A4D-089D-43F9-A753-B865666E57A8}"
EndProject
Project("{FAE04EC0-301F-11D3-BF4B-00C04F79EFBC}") = "Manager_competition", "Manager_competition\Manager_competition.csproj", "{C3A230D6-D648-4EF4-A63A-F8D4409ADA48}"
EndProject
Global
	GlobalSection(SolutionConfigurationPlatforms) = preSolution
		Debug|Any CPU = Debug|Any CPU
		Release|Any CPU = Release|Any CPU
	EndGlobalSection
	GlobalSection(ProjectConfigurationPlatforms) = postSolution
		{6241F009-0A0C-47D0-BA2F-3208483BF2FC}.Debug|Any CPU.ActiveCfg = Debug|Any CPU
		{6241F009-0A0C-47D0-BA2F-3208483BF2FC}.Debug|Any CPU.Build.0 = Debug|Any CPU
		{6241F009-0A0C-47D0-BA2F-3208483BF2FC}.Release|Any CPU.ActiveCfg = Release|Any CPU
		{6241F009-0A0C-47D0-BA2F-3208483BF2FC}.Release|Any CPU.Build.0 = Release|Any CPU
		{4C6860B3-5552-44A4-B915-09700168F3DD}.Debug|Any CPU.ActiveCfg = Debug|Any CPU
		{4C6860B3-5552-44A4-B915-09700168F3DD}.Debug|Any CPU.Build.0 = Debug|Any CPU
		{4C6860B3-5552-44A4-B915-09700168F3DD}.Release|Any CPU.ActiveCfg = Release|Any CPU
		{4C6860B3-5552-44A4-B915-09700168F3DD}.Release|Any CPU.Build.0 = Release|Any CPU
		{B9987F01-68F5-4233-BC8A-7269DED43537}.Debug|Any CPU.ActiveCfg = Debug|Any CPU
		{B9987F01-68F5-4233-BC8A-7269DED43537}.Debug|Any CPU.Build.0 = Debug|Any CPU
		{B9987F01-68F5-4233-BC8A-7269DED43537}.Release|Any CPU.ActiveCfg = Release|Any CPU
		{B9987F01-68F5-4233-BC8A-7269DED43537}.Release|Any CPU.Build.0 = Release|Any CPU
		{50F89CA2-3A51-43FB-AF78-76BD0246FDB9}.Debug|Any CPU.ActiveCfg = Debug|Any CPU
		{50F89CA2-3A51-43FB-AF78-76BD0246FDB9}.Debug|Any CPU.Build.0 = Debug|Any CPU
		{50F89CA2-3A51-43FB-AF78-76BD0246FDB9}.Release|Any CPU.ActiveCfg = Release|Any CPU
		{50F89CA2-3A51-43FB-AF78-76BD0246FDB9}.Release|Any CPU.Build.0 = Release|Any CPU
		{EBF33D25-4E0C-476B-B848-886AEFF3CD66}.Debug|Any CPU.ActiveCfg = Debug|Any CPU
		{EBF33D25-4E0C-476B-B848-886AEFF3CD66}.Debug|Any CPU.Build.0 = Debug|Any CPU
		{EBF33D25-4E0C-476B-B848-886AEFF3CD66}.Release|Any CPU.ActiveCfg = Release|Any CPU
		{EBF33D25-4E0C-476B-B848-886AEFF3CD66}.Release|Any CPU.Build.0 = Release|Any CPU
		{B4F5F565-DD67-45C3-A3C9-B81AC70AC78D}.Debug|Any CPU.ActiveCfg = Debug|Any CPU
		{B4F5F565-DD67-45C3-A3C9-B81AC70AC78D}.Debug|Any CPU.Build.0 = Debug|Any CPU
		{B4F5F565-DD67-45C3-A3C9-B81AC70AC78D}.Release|Any CPU.ActiveCfg = Release|Any CPU
		{B4F5F565-DD67-45C3-A3C9-B81AC70AC78D}.Release|Any CPU.Build.0 = Release|Any CPU
		{F8FA8E77-3AA7-41E7-8082-9456C3BADEA7}.Debug|Any CPU.ActiveCfg = Debug|Any CPU
		{F8FA8E77-3AA7-41E7-8082-9456C3BADEA7}.Debug|Any CPU.Build.0 = Debug|Any CPU
		{F8FA8E77-3AA7-41E7-8082-9456C3BADEA7}.Release|Any CPU.ActiveCfg = Release|Any CPU
		{F8FA8E77-3AA7-41E7-8082-9456C3BADEA7}.Release|Any CPU.Build.0 = Release|Any CPU
		{BA069A4D-089D-43F9-A753-B865666E57A8}.Debug|Any CPU.ActiveCfg = Debug|Any CPU
		{BA069A4D-089D-43F9-A753-B865666E57A8}.Debug|Any CPU.Build.0 = Debug|Any CPU
		{BA069A4D-089D-43F9-A753-B865666E57A8}.Release|Any CPU.ActiveCfg = Release|Any CPU
		{BA069A4D-089D-43F9-A753-B865666E57A8}.Release|Any CPU.Build.0 = Release|Any CPU
		{C3A230D6-D648-4EF4-A63A-F8D4409ADA48}.Debug|Any CPU.ActiveCfg = Debug|Any CPU
		{C3A230D6-D648-4EF4-A63A-F8D4409ADA48}.Debug|Any CPU.Build.0 = Debug|Any CPU
		{C3A230D6-D648-4EF4-A63A-F8D4409ADA48}.Release|Any CPU.ActiveCfg = Release|Any CPU
		{C3A230D6-D648-4EF4-A63A-F8D4409ADA48}.Release|Any CPU.Build.0 = Release|Any CPU
	EndGlobalSection
	GlobalSection(SolutionProperties) = preSolution
		HideSolutionNode = FALSE
	EndGlobalSection
	GlobalSection(ExtensibilityGlobals) = postSolution
		SolutionGuid = {97F27F41-C2C7-4298-8131-2FE787734594}
	EndGlobalSection
EndGlobal
