
Microsoft Visual Studio Solution File, Format Version 12.00
# Visual Studio Version 16
VisualStudioVersion = 16.0.30330.147
MinimumVisualStudioVersion = 10.0.40219.1
Project("{9A19103F-16F7-4668-BE54-9A1E7A4F7556}") = "Manage_staff", "Manage_staff\Manage_staff.csproj", "{7AB51BD5-8C54-41E3-8A3C-E21FFA6BF655}"
EndProject
Project("{9A19103F-16F7-4668-BE54-9A1E7A4F7556}") = "Manage_competition", "Manage_competition\Manage_competition.csproj", "{72249E77-D131-4681-A49F-76D177CF4050}"
EndProject
Project("{9A19103F-16F7-4668-BE54-9A1E7A4F7556}") = "Manage_exhibition", "Manage_exhibition\Manage_exhibition.csproj", "{E3445F5C-8A44-42E1-AF3E-79C0A9D02EAB}"
EndProject
Project("{9A19103F-16F7-4668-BE54-9A1E7A4F7556}") = "Manage_student", "Manage_student\Manage_student.csproj", "{63263FFB-67EF-4391-8DE7-80767C3EACD8}"
EndProject
Project("{9A19103F-16F7-4668-BE54-9A1E7A4F7556}") = "Manage_design", "Manage_design\Manage_design.csproj", "{0DDD2F8D-C9BD-4FA6-89B3-EF492898B39B}"
EndProject
Project("{9A19103F-16F7-4668-BE54-9A1E7A4F7556}") = "Student_Design_Posting", "Student_Design_Posting\Student_Design_Posting.csproj", "{D52071B8-9753-430B-90E4-AC899E115821}"
EndProject
Project("{9A19103F-16F7-4668-BE54-9A1E7A4F7556}") = "Manage_award", "Manage_award\Manage_award.csproj", "{0380B802-6EB8-4B98-AE52-A0A35B998A2D}"
EndProject
Project("{9A19103F-16F7-4668-BE54-9A1E7A4F7556}") = "Manage_posting", "Manage_posting\Manage_posting.csproj", "{1277FEA6-782B-4AE2-90E7-69B98502C2D6}"
EndProject
Global
	GlobalSection(SolutionConfigurationPlatforms) = preSolution
		Debug|Any CPU = Debug|Any CPU
		Release|Any CPU = Release|Any CPU
	EndGlobalSection
	GlobalSection(ProjectConfigurationPlatforms) = postSolution
		{7AB51BD5-8C54-41E3-8A3C-E21FFA6BF655}.Debug|Any CPU.ActiveCfg = Debug|Any CPU
		{7AB51BD5-8C54-41E3-8A3C-E21FFA6BF655}.Debug|Any CPU.Build.0 = Debug|Any CPU
		{7AB51BD5-8C54-41E3-8A3C-E21FFA6BF655}.Release|Any CPU.ActiveCfg = Release|Any CPU
		{7AB51BD5-8C54-41E3-8A3C-E21FFA6BF655}.Release|Any CPU.Build.0 = Release|Any CPU
		{72249E77-D131-4681-A49F-76D177CF4050}.Debug|Any CPU.ActiveCfg = Debug|Any CPU
		{72249E77-D131-4681-A49F-76D177CF4050}.Debug|Any CPU.Build.0 = Debug|Any CPU
		{72249E77-D131-4681-A49F-76D177CF4050}.Release|Any CPU.ActiveCfg = Release|Any CPU
		{72249E77-D131-4681-A49F-76D177CF4050}.Release|Any CPU.Build.0 = Release|Any CPU
		{E3445F5C-8A44-42E1-AF3E-79C0A9D02EAB}.Debug|Any CPU.ActiveCfg = Debug|Any CPU
		{E3445F5C-8A44-42E1-AF3E-79C0A9D02EAB}.Debug|Any CPU.Build.0 = Debug|Any CPU
		{E3445F5C-8A44-42E1-AF3E-79C0A9D02EAB}.Release|Any CPU.ActiveCfg = Release|Any CPU
		{E3445F5C-8A44-42E1-AF3E-79C0A9D02EAB}.Release|Any CPU.Build.0 = Release|Any CPU
		{63263FFB-67EF-4391-8DE7-80767C3EACD8}.Debug|Any CPU.ActiveCfg = Debug|Any CPU
		{63263FFB-67EF-4391-8DE7-80767C3EACD8}.Debug|Any CPU.Build.0 = Debug|Any CPU
		{63263FFB-67EF-4391-8DE7-80767C3EACD8}.Release|Any CPU.ActiveCfg = Release|Any CPU
		{63263FFB-67EF-4391-8DE7-80767C3EACD8}.Release|Any CPU.Build.0 = Release|Any CPU
		{0DDD2F8D-C9BD-4FA6-89B3-EF492898B39B}.Debug|Any CPU.ActiveCfg = Debug|Any CPU
		{0DDD2F8D-C9BD-4FA6-89B3-EF492898B39B}.Debug|Any CPU.Build.0 = Debug|Any CPU
		{0DDD2F8D-C9BD-4FA6-89B3-EF492898B39B}.Release|Any CPU.ActiveCfg = Release|Any CPU
		{0DDD2F8D-C9BD-4FA6-89B3-EF492898B39B}.Release|Any CPU.Build.0 = Release|Any CPU
		{D52071B8-9753-430B-90E4-AC899E115821}.Debug|Any CPU.ActiveCfg = Debug|Any CPU
		{D52071B8-9753-430B-90E4-AC899E115821}.Debug|Any CPU.Build.0 = Debug|Any CPU
		{D52071B8-9753-430B-90E4-AC899E115821}.Release|Any CPU.ActiveCfg = Release|Any CPU
		{D52071B8-9753-430B-90E4-AC899E115821}.Release|Any CPU.Build.0 = Release|Any CPU
		{0380B802-6EB8-4B98-AE52-A0A35B998A2D}.Debug|Any CPU.ActiveCfg = Debug|Any CPU
		{0380B802-6EB8-4B98-AE52-A0A35B998A2D}.Debug|Any CPU.Build.0 = Debug|Any CPU
		{0380B802-6EB8-4B98-AE52-A0A35B998A2D}.Release|Any CPU.ActiveCfg = Release|Any CPU
		{0380B802-6EB8-4B98-AE52-A0A35B998A2D}.Release|Any CPU.Build.0 = Release|Any CPU
		{1277FEA6-782B-4AE2-90E7-69B98502C2D6}.Debug|Any CPU.ActiveCfg = Debug|Any CPU
		{1277FEA6-782B-4AE2-90E7-69B98502C2D6}.Debug|Any CPU.Build.0 = Debug|Any CPU
		{1277FEA6-782B-4AE2-90E7-69B98502C2D6}.Release|Any CPU.ActiveCfg = Release|Any CPU
		{1277FEA6-782B-4AE2-90E7-69B98502C2D6}.Release|Any CPU.Build.0 = Release|Any CPU
	EndGlobalSection
	GlobalSection(SolutionProperties) = preSolution
		HideSolutionNode = FALSE
	EndGlobalSection
	GlobalSection(ExtensibilityGlobals) = postSolution
		SolutionGuid = {75CEFD35-5B05-45FF-B143-B3464B5F6F06}
	EndGlobalSection
EndGlobal
